
Microsoft Visual Studio Solution File, Format Version 12.00
# Visual Studio 15
VisualStudioVersion = 15.0.28307.168
MinimumVisualStudioVersion = 10.0.40219.1
Project("{FAE04EC0-301F-11D3-BF4B-00C04F79EFBC}") = "VirusSimulation", "WpfApp1\VirusSimulation.csproj", "{F8ED9FBC-120A-4AEF-BA22-AABEE2823E9C}"
EndProject
Global
	GlobalSection(SolutionConfigurationPlatforms) = preSolution
		Debug|Any CPU = Debug|Any CPU
		Release|Any CPU = Release|Any CPU
	EndGlobalSection
	GlobalSection(ProjectConfigurationPlatforms) = postSolution
		{F8ED9FBC-120A-4AEF-BA22-AABEE2823E9C}.Debug|Any CPU.ActiveCfg = Debug|Any CPU
		{F8ED9FBC-120A-4AEF-BA22-AABEE2823E9C}.Debug|Any CPU.Build.0 = Debug|Any CPU
		{F8ED9FBC-120A-4AEF-BA22-AABEE2823E9C}.Release|Any CPU.ActiveCfg = Release|Any CPU
		{F8ED9FBC-120A-4AEF-BA22-AABEE2823E9C}.Release|Any CPU.Build.0 = Release|Any CPU
	EndGlobalSection
	GlobalSection(SolutionProperties) = preSolution
		HideSolutionNode = FALSE
	EndGlobalSection
	GlobalSection(ExtensibilityGlobals) = postSolution
		SolutionGuid = {B82D78D7-363B-4C2E-BAF4-D7CC603ABDBC}
	EndGlobalSection
EndGlobal
